
Microsoft Visual Studio Solution File, Format Version 12.00
Project("{FAE04EC0-301F-11D3-BF4B-00C04F79EFBC}") = "Program", "Program\Program.csproj", "{8C98B06D-11A0-43FF-8D97-D4CEDFB78B41}"
EndProject
Global
	GlobalSection(SolutionConfigurationPlatforms) = preSolution
		Debug|Any CPU = Debug|Any CPU
		Release|Any CPU = Release|Any CPU
	EndGlobalSection
	GlobalSection(ProjectConfigurationPlatforms) = postSolution
		{8C98B06D-11A0-43FF-8D97-D4CEDFB78B41}.Debug|Any CPU.ActiveCfg = Debug|Any CPU
		{8C98B06D-11A0-43FF-8D97-D4CEDFB78B41}.Debug|Any CPU.Build.0 = Debug|Any CPU
		{8C98B06D-11A0-43FF-8D97-D4CEDFB78B41}.Release|Any CPU.ActiveCfg = Release|Any CPU
		{8C98B06D-11A0-43FF-8D97-D4CEDFB78B41}.Release|Any CPU.Build.0 = Release|Any CPU
	EndGlobalSection
EndGlobal
